// !$*UTF8*$!
{
	archiveVersion = 1;
	classes = {
	};
	objectVersion = 46;
	objects = {

/* Begin PBXBuildFile section */
		6764A65EB5821B8161358503 /* Pods_protoTypeCheck.framework in Frameworks */ = {isa = PBXBuildFile; fileRef = 85CF5EA321923AE6CBD17DAA /* Pods_protoTypeCheck.framework */; };
		D4C9D94B1E014618004C5C1C /* main.m in Sources */ = {isa = PBXBuildFile; fileRef = D4C9D94A1E014618004C5C1C /* main.m */; };
		D4C9D94E1E014618004C5C1C /* AppDelegate.m in Sources */ = {isa = PBXBuildFile; fileRef = D4C9D94D1E014618004C5C1C /* AppDelegate.m */; };
		D4C9D9511E014618004C5C1C /* ViewController.m in Sources */ = {isa = PBXBuildFile; fileRef = D4C9D9501E014618004C5C1C /* ViewController.m */; };
		D4C9D9541E014618004C5C1C /* Main.storyboard in Resources */ = {isa = PBXBuildFile; fileRef = D4C9D9521E014618004C5C1C /* Main.storyboard */; };
		D4C9D9561E014618004C5C1C /* Assets.xcassets in Resources */ = {isa = PBXBuildFile; fileRef = D4C9D9551E014618004C5C1C /* Assets.xcassets */; };
		D4C9D9591E014618004C5C1C /* LaunchScreen.storyboard in Resources */ = {isa = PBXBuildFile; fileRef = D4C9D9571E014618004C5C1C /* LaunchScreen.storyboard */; };
		D4C9D9641E014618004C5C1C /* protoTypeCheckTests.m in Sources */ = {isa = PBXBuildFile; fileRef = D4C9D9631E014618004C5C1C /* protoTypeCheckTests.m */; };
		D4C9D96F1E014618004C5C1C /* protoTypeCheckUITests.m in Sources */ = {isa = PBXBuildFile; fileRef = D4C9D96E1E014618004C5C1C /* protoTypeCheckUITests.m */; };
/* End PBXBuildFile section */

/* Begin PBXContainerItemProxy section */
		D4C9D9601E014618004C5C1C /* PBXContainerItemProxy */ = {
			isa = PBXContainerItemProxy;
			containerPortal = D4C9D93E1E014618004C5C1C /* Project object */;
			proxyType = 1;
			remoteGlobalIDString = D4C9D9451E014618004C5C1C;
			remoteInfo = protoTypeCheck;
		};
		D4C9D96B1E014618004C5C1C /* PBXContainerItemProxy */ = {
			isa = PBXContainerItemProxy;
			containerPortal = D4C9D93E1E014618004C5C1C /* Project object */;
			proxyType = 1;
			remoteGlobalIDString = D4C9D9451E014618004C5C1C;
			remoteInfo = protoTypeCheck;
		};
/* End PBXContainerItemProxy section */

/* Begin PBXFileReference section */
		63B91602205381B21E3794D7 /* Pods-protoTypeCheck.release.xcconfig */ = {isa = PBXFileReference; includeInIndex = 1; lastKnownFileType = text.xcconfig; name = "Pods-protoTypeCheck.release.xcconfig"; path = "Pods/Target Support Files/Pods-protoTypeCheck/Pods-protoTypeCheck.release.xcconfig"; sourceTree = "<group>"; };
		85CF5EA321923AE6CBD17DAA /* Pods_protoTypeCheck.framework */ = {isa = PBXFileReference; explicitFileType = wrapper.framework; includeInIndex = 0; path = Pods_protoTypeCheck.framework; sourceTree = BUILT_PRODUCTS_DIR; };
		D4C9D9461E014618004C5C1C /* protoTypeCheck.app */ = {isa = PBXFileReference; explicitFileType = wrapper.application; includeInIndex = 0; path = protoTypeCheck.app; sourceTree = BUILT_PRODUCTS_DIR; };
		D4C9D94A1E014618004C5C1C /* main.m */ = {isa = PBXFileReference; lastKnownFileType = sourcecode.c.objc; path = main.m; sourceTree = "<group>"; };
		D4C9D94C1E014618004C5C1C /* AppDelegate.h */ = {isa = PBXFileReference; lastKnownFileType = sourcecode.c.h; path = AppDelegate.h; sourceTree = "<group>"; };
		D4C9D94D1E014618004C5C1C /* AppDelegate.m */ = {isa = PBXFileReference; lastKnownFileType = sourcecode.c.objc; path = AppDelegate.m; sourceTree = "<group>"; };
		D4C9D94F1E014618004C5C1C /* ViewController.h */ = {isa = PBXFileReference; lastKnownFileType = sourcecode.c.h; path = ViewController.h; sourceTree = "<group>"; };
		D4C9D9501E014618004C5C1C /* ViewController.m */ = {isa = PBXFileReference; lastKnownFileType = sourcecode.c.objc; path = ViewController.m; sourceTree = "<group>"; };
		D4C9D9531E014618004C5C1C /* Base */ = {isa = PBXFileReference; lastKnownFileType = file.storyboard; name = Base; path = Base.lproj/Main.storyboard; sourceTree = "<group>"; };
		D4C9D9551E014618004C5C1C /* Assets.xcassets */ = {isa = PBXFileReference; lastKnownFileType = folder.assetcatalog; path = Assets.xcassets; sourceTree = "<group>"; };
		D4C9D9581E014618004C5C1C /* Base */ = {isa = PBXFileReference; lastKnownFileType = file.storyboard; name = Base; path = Base.lproj/LaunchScreen.storyboard; sourceTree = "<group>"; };
		D4C9D95A1E014618004C5C1C /* Info.plist */ = {isa = PBXFileReference; lastKnownFileType = text.plist.xml; path = Info.plist; sourceTree = "<group>"; };
		D4C9D95F1E014618004C5C1C /* protoTypeCheckTests.xctest */ = {isa = PBXFileReference; explicitFileType = wrapper.cfbundle; includeInIndex = 0; path = protoTypeCheckTests.xctest; sourceTree = BUILT_PRODUCTS_DIR; };
		D4C9D9631E014618004C5C1C /* protoTypeCheckTests.m */ = {isa = PBXFileReference; lastKnownFileType = sourcecode.c.objc; path = protoTypeCheckTests.m; sourceTree = "<group>"; };
		D4C9D9651E014618004C5C1C /* Info.plist */ = {isa = PBXFileReference; lastKnownFileType = text.plist.xml; path = Info.plist; sourceTree = "<group>"; };
		D4C9D96A1E014618004C5C1C /* protoTypeCheckUITests.xctest */ = {isa = PBXFileReference; explicitFileType = wrapper.cfbundle; includeInIndex = 0; path = protoTypeCheckUITests.xctest; sourceTree = BUILT_PRODUCTS_DIR; };
		D4C9D96E1E014618004C5C1C /* protoTypeCheckUITests.m */ = {isa = PBXFileReference; lastKnownFileType = sourcecode.c.objc; path = protoTypeCheckUITests.m; sourceTree = "<group>"; };
		D4C9D9701E014618004C5C1C /* Info.plist */ = {isa = PBXFileReference; lastKnownFileType = text.plist.xml; path = Info.plist; sourceTree = "<group>"; };
		EA5531671702D15C1564F254 /* Pods-protoTypeCheck.debug.xcconfig */ = {isa = PBXFileReference; includeInIndex = 1; lastKnownFileType = text.xcconfig; name = "Pods-protoTypeCheck.debug.xcconfig"; path = "Pods/Target Support Files/Pods-protoTypeCheck/Pods-protoTypeCheck.debug.xcconfig"; sourceTree = "<group>"; };
/* End PBXFileReference section */

/* Begin PBXFrameworksBuildPhase section */
		D4C9D9431E014618004C5C1C /* Frameworks */ = {
			isa = PBXFrameworksBuildPhase;
			buildActionMask = 2147483647;
			files = (
				6764A65EB5821B8161358503 /* Pods_protoTypeCheck.framework in Frameworks */,
			);
			runOnlyForDeploymentPostprocessing = 0;
		};
		D4C9D95C1E014618004C5C1C /* Frameworks */ = {
			isa = PBXFrameworksBuildPhase;
			buildActionMask = 2147483647;
			files = (
			);
			runOnlyForDeploymentPostprocessing = 0;
		};
		D4C9D9671E014618004C5C1C /* Frameworks */ = {
			isa = PBXFrameworksBuildPhase;
			buildActionMask = 2147483647;
			files = (
			);
			runOnlyForDeploymentPostprocessing = 0;
		};
/* End PBXFrameworksBuildPhase section */

/* Begin PBXGroup section */
		85FDBF798395F9EF13E7FCAB /* Pods */ = {
			isa = PBXGroup;
			children = (
				EA5531671702D15C1564F254 /* Pods-protoTypeCheck.debug.xcconfig */,
				63B91602205381B21E3794D7 /* Pods-protoTypeCheck.release.xcconfig */,
			);
			name = Pods;
			sourceTree = "<group>";
		};
		BA761163023CB900F4F42EDB /* Frameworks */ = {
			isa = PBXGroup;
			children = (
				85CF5EA321923AE6CBD17DAA /* Pods_protoTypeCheck.framework */,
			);
			name = Frameworks;
			sourceTree = "<group>";
		};
		D4C9D93D1E014618004C5C1C = {
			isa = PBXGroup;
			children = (
				D4C9D9481E014618004C5C1C /* protoTypeCheck */,
				D4C9D9621E014618004C5C1C /* protoTypeCheckTests */,
				D4C9D96D1E014618004C5C1C /* protoTypeCheckUITests */,
				D4C9D9471E014618004C5C1C /* Products */,
				85FDBF798395F9EF13E7FCAB /* Pods */,
				BA761163023CB900F4F42EDB /* Frameworks */,
			);
			sourceTree = "<group>";
		};
		D4C9D9471E014618004C5C1C /* Products */ = {
			isa = PBXGroup;
			children = (
				D4C9D9461E014618004C5C1C /* protoTypeCheck.app */,
				D4C9D95F1E014618004C5C1C /* protoTypeCheckTests.xctest */,
				D4C9D96A1E014618004C5C1C /* protoTypeCheckUITests.xctest */,
			);
			name = Products;
			sourceTree = "<group>";
		};
		D4C9D9481E014618004C5C1C /* protoTypeCheck */ = {
			isa = PBXGroup;
			children = (
				D4C9D94C1E014618004C5C1C /* AppDelegate.h */,
				D4C9D94D1E014618004C5C1C /* AppDelegate.m */,
				D4C9D94F1E014618004C5C1C /* ViewController.h */,
				D4C9D9501E014618004C5C1C /* ViewController.m */,
				D4C9D9521E014618004C5C1C /* Main.storyboard */,
				D4C9D9551E014618004C5C1C /* Assets.xcassets */,
				D4C9D9571E014618004C5C1C /* LaunchScreen.storyboard */,
				D4C9D95A1E014618004C5C1C /* Info.plist */,
				D4C9D9491E014618004C5C1C /* Supporting Files */,
			);
			path = protoTypeCheck;
			sourceTree = "<group>";
		};
		D4C9D9491E014618004C5C1C /* Supporting Files */ = {
			isa = PBXGroup;
			children = (
				D4C9D94A1E014618004C5C1C /* main.m */,
			);
			name = "Supporting Files";
			sourceTree = "<group>";
		};
		D4C9D9621E014618004C5C1C /* protoTypeCheckTests */ = {
			isa = PBXGroup;
			children = (
				D4C9D9631E014618004C5C1C /* protoTypeCheckTests.m */,
				D4C9D9651E014618004C5C1C /* Info.plist */,
			);
			path = protoTypeCheckTests;
			sourceTree = "<group>";
		};
		D4C9D96D1E014618004C5C1C /* protoTypeCheckUITests */ = {
			isa = PBXGroup;
			children = (
				D4C9D96E1E014618004C5C1C /* protoTypeCheckUITests.m */,
				D4C9D9701E014618004C5C1C /* Info.plist */,
			);
			path = protoTypeCheckUITests;
			sourceTree = "<group>";
		};
/* End PBXGroup section */

/* Begin PBXNativeTarget section */
		D4C9D9451E014618004C5C1C /* protoTypeCheck */ = {
			isa = PBXNativeTarget;
			buildConfigurationList = D4C9D9731E014618004C5C1C /* Build configuration list for PBXNativeTarget "protoTypeCheck" */;
			buildPhases = (
				CE278662D69D029C982ACDC6 /* [CP] Check Pods Manifest.lock */,
				D4C9D9421E014618004C5C1C /* Sources */,
				D4C9D9431E014618004C5C1C /* Frameworks */,
				D4C9D9441E014618004C5C1C /* Resources */,
				9045CE5ADE06C1183559FC54 /* [CP] Embed Pods Frameworks */,
				FEF73FE20894E041BC15AEDF /* [CP] Copy Pods Resources */,
			);
			buildRules = (
			);
			dependencies = (
			);
			name = protoTypeCheck;
			productName = protoTypeCheck;
			productReference = D4C9D9461E014618004C5C1C /* protoTypeCheck.app */;
			productType = "com.apple.product-type.application";
		};
		D4C9D95E1E014618004C5C1C /* protoTypeCheckTests */ = {
			isa = PBXNativeTarget;
			buildConfigurationList = D4C9D9761E014618004C5C1C /* Build configuration list for PBXNativeTarget "protoTypeCheckTests" */;
			buildPhases = (
				D4C9D95B1E014618004C5C1C /* Sources */,
				D4C9D95C1E014618004C5C1C /* Frameworks */,
				D4C9D95D1E014618004C5C1C /* Resources */,
			);
			buildRules = (
			);
			dependencies = (
				D4C9D9611E014618004C5C1C /* PBXTargetDependency */,
			);
			name = protoTypeCheckTests;
			productName = protoTypeCheckTests;
			productReference = D4C9D95F1E014618004C5C1C /* protoTypeCheckTests.xctest */;
			productType = "com.apple.product-type.bundle.unit-test";
		};
		D4C9D9691E014618004C5C1C /* protoTypeCheckUITests */ = {
			isa = PBXNativeTarget;
			buildConfigurationList = D4C9D9791E014618004C5C1C /* Build configuration list for PBXNativeTarget "protoTypeCheckUITests" */;
			buildPhases = (
				D4C9D9661E014618004C5C1C /* Sources */,
				D4C9D9671E014618004C5C1C /* Frameworks */,
				D4C9D9681E014618004C5C1C /* Resources */,
			);
			buildRules = (
			);
			dependencies = (
				D4C9D96C1E014618004C5C1C /* PBXTargetDependency */,
			);
			name = protoTypeCheckUITests;
			productName = protoTypeCheckUITests;
			productReference = D4C9D96A1E014618004C5C1C /* protoTypeCheckUITests.xctest */;
			productType = "com.apple.product-type.bundle.ui-testing";
		};
/* End PBXNativeTarget section */

/* Begin PBXProject section */
		D4C9D93E1E014618004C5C1C /* Project object */ = {
			isa = PBXProject;
			attributes = {
				LastUpgradeCheck = 0800;
				ORGANIZATIONNAME = xiaoniu;
				TargetAttributes = {
					D4C9D9451E014618004C5C1C = {
						CreatedOnToolsVersion = 8.0;
						DevelopmentTeam = 4H3W5P5UJX;
						ProvisioningStyle = Automatic;
					};
					D4C9D95E1E014618004C5C1C = {
						CreatedOnToolsVersion = 8.0;
						DevelopmentTeam = 4H3W5P5UJX;
						ProvisioningStyle = Automatic;
						TestTargetID = D4C9D9451E014618004C5C1C;
					};
					D4C9D9691E014618004C5C1C = {
						CreatedOnToolsVersion = 8.0;
						DevelopmentTeam = 4H3W5P5UJX;
						ProvisioningStyle = Automatic;
						TestTargetID = D4C9D9451E014618004C5C1C;
					};
				};
			};
			buildConfigurationList = D4C9D9411E014618004C5C1C /* Build configuration list for PBXProject "protoTypeCheck" */;
			compatibilityVersion = "Xcode 3.2";
			developmentRegion = English;
			hasScannedForEncodings = 0;
			knownRegions = (
				en,
				Base,
			);
			mainGroup = D4C9D93D1E014618004C5C1C;
			productRefGroup = D4C9D9471E014618004C5C1C /* Products */;
			projectDirPath = "";
			projectRoot = "";
			targets = (
				D4C9D9451E014618004C5C1C /* protoTypeCheck */,
				D4C9D95E1E014618004C5C1C /* protoTypeCheckTests */,
				D4C9D9691E014618004C5C1C /* protoTypeCheckUITests */,
			);
		};
/* End PBXProject section */

/* Begin PBXResourcesBuildPhase section */
		D4C9D9441E014618004C5C1C /* Resources */ = {
			isa = PBXResourcesBuildPhase;
			buildActionMask = 2147483647;
			files = (
				D4C9D9591E014618004C5C1C /* LaunchScreen.storyboard in Resources */,
				D4C9D9561E014618004C5C1C /* Assets.xcassets in Resources */,
				D4C9D9541E014618004C5C1C /* Main.storyboard in Resources */,
			);
			runOnlyForDeploymentPostprocessing = 0;
		};
		D4C9D95D1E014618004C5C1C /* Resources */ = {
			isa = PBXResourcesBuildPhase;
			buildActionMask = 2147483647;
			files = (
			);
			runOnlyForDeploymentPostprocessing = 0;
		};
		D4C9D9681E014618004C5C1C /* Resources */ = {
			isa = PBXResourcesBuildPhase;
			buildActionMask = 2147483647;
			files = (
			);
			runOnlyForDeploymentPostprocessing = 0;
		};
/* End PBXResourcesBuildPhase section */

/* Begin PBXShellScriptBuildPhase section */
		9045CE5ADE06C1183559FC54 /* [CP] Embed Pods Frameworks */ = {
			isa = PBXShellScriptBuildPhase;
			buildActionMask = 2147483647;
			files = (
			);
			inputPaths = (
			);
			name = "[CP] Embed Pods Frameworks";
			outputPaths = (
			);
			runOnlyForDeploymentPostprocessing = 0;
			shellPath = /bin/sh;
			shellScript = "\"${SRCROOT}/Pods/Target Support Files/Pods-protoTypeCheck/Pods-protoTypeCheck-frameworks.sh\"\n";
			showEnvVarsInLog = 0;
		};
		CE278662D69D029C982ACDC6 /* [CP] Check Pods Manifest.lock */ = {
			isa = PBXShellScriptBuildPhase;
			buildActionMask = 2147483647;
			files = (
			);
			inputPaths = (
			);
			name = "[CP] Check Pods Manifest.lock";
			outputPaths = (
			);
			runOnlyForDeploymentPostprocessing = 0;
			shellPath = /bin/sh;
			shellScript = "diff \"${PODS_ROOT}/../Podfile.lock\" \"${PODS_ROOT}/Manifest.lock\" > /dev/null\nif [[ $? != 0 ]] ; then\n    cat << EOM\nerror: The sandbox is not in sync with the Podfile.lock. Run 'pod install' or update your CocoaPods installation.\nEOM\n    exit 1\nfi\n";
			showEnvVarsInLog = 0;
		};
		FEF73FE20894E041BC15AEDF /* [CP] Copy Pods Resources */ = {
			isa = PBXShellScriptBuildPhase;
			buildActionMask = 2147483647;
			files = (
			);
			inputPaths = (
			);
			name = "[CP] Copy Pods Resources";
			outputPaths = (
			);
			runOnlyForDeploymentPostprocessing = 0;
			shellPath = /bin/sh;
			shellScript = "\"${SRCROOT}/Pods/Target Support Files/Pods-protoTypeCheck/Pods-protoTypeCheck-resources.sh\"\n";
			showEnvVarsInLog = 0;
		};
/* End PBXShellScriptBuildPhase section */

/* Begin PBXSourcesBuildPhase section */
		D4C9D9421E014618004C5C1C /* Sources */ = {
			isa = PBXSourcesBuildPhase;
			buildActionMask = 2147483647;
			files = (
				D4C9D9511E014618004C5C1C /* ViewController.m in Sources */,
				D4C9D94E1E014618004C5C1C /* AppDelegate.m in Sources */,
				D4C9D94B1E014618004C5C1C /* main.m in Sources */,
			);
			runOnlyForDeploymentPostprocessing = 0;
		};
		D4C9D95B1E014618004C5C1C /* Sources */ = {
			isa = PBXSourcesBuildPhase;
			buildActionMask = 2147483647;
			files = (
				D4C9D9641E014618004C5C1C /* protoTypeCheckTests.m in Sources */,
			);
			runOnlyForDeploymentPostprocessing = 0;
		};
		D4C9D9661E014618004C5C1C /* Sources */ = {
			isa = PBXSourcesBuildPhase;
			buildActionMask = 2147483647;
			files = (
				D4C9D96F1E014618004C5C1C /* protoTypeCheckUITests.m in Sources */,
			);
			runOnlyForDeploymentPostprocessing = 0;
		};
/* End PBXSourcesBuildPhase section */

/* Begin PBXTargetDependency section */
		D4C9D9611E014618004C5C1C /* PBXTargetDependency */ = {
			isa = PBXTargetDependency;
			target = D4C9D9451E014618004C5C1C /* protoTypeCheck */;
			targetProxy = D4C9D9601E014618004C5C1C /* PBXContainerItemProxy */;
		};
		D4C9D96C1E014618004C5C1C /* PBXTargetDependency */ = {
			isa = PBXTargetDependency;
			target = D4C9D9451E014618004C5C1C /* protoTypeCheck */;
			targetProxy = D4C9D96B1E014618004C5C1C /* PBXContainerItemProxy */;
		};
/* End PBXTargetDependency section */

/* Begin PBXVariantGroup section */
		D4C9D9521E014618004C5C1C /* Main.storyboard */ = {
			isa = PBXVariantGroup;
			children = (
				D4C9D9531E014618004C5C1C /* Base */,
			);
			name = Main.storyboard;
			sourceTree = "<group>";
		};
		D4C9D9571E014618004C5C1C /* LaunchScreen.storyboard */ = {
			isa = PBXVariantGroup;
			children = (
				D4C9D9581E014618004C5C1C /* Base */,
			);
			name = LaunchScreen.storyboard;
			sourceTree = "<group>";
		};
/* End PBXVariantGroup section */

/* Begin XCBuildConfiguration section */
		D4C9D9711E014618004C5C1C /* Debug */ = {
			isa = XCBuildConfiguration;
			buildSettings = {
				ALWAYS_SEARCH_USER_PATHS = NO;
				CLANG_ANALYZER_NONNULL = YES;
				CLANG_CXX_LANGUAGE_STANDARD = "gnu++0x";
				CLANG_CXX_LIBRARY = "libc++";
				CLANG_ENABLE_MODULES = YES;
				CLANG_ENABLE_OBJC_ARC = YES;
				CLANG_WARN_BOOL_CONVERSION = YES;
				CLANG_WARN_CONSTANT_CONVERSION = YES;
				CLANG_WARN_DIRECT_OBJC_ISA_USAGE = YES_ERROR;
				CLANG_WARN_DOCUMENTATION_COMMENTS = YES;
				CLANG_WARN_EMPTY_BODY = YES;
				CLANG_WARN_ENUM_CONVERSION = YES;
				CLANG_WARN_INFINITE_RECURSION = YES;
				CLANG_WARN_INT_CONVERSION = YES;
				CLANG_WARN_OBJC_ROOT_CLASS = YES_ERROR;
				CLANG_WARN_SUSPICIOUS_MOVES = YES;
				CLANG_WARN_UNREACHABLE_CODE = YES;
				CLANG_WARN__DUPLICATE_METHOD_MATCH = YES;
				"CODE_SIGN_IDENTITY[sdk=iphoneos*]" = "iPhone Developer";
				COPY_PHASE_STRIP = NO;
				DEBUG_INFORMATION_FORMAT = dwarf;
				ENABLE_STRICT_OBJC_MSGSEND = YES;
				ENABLE_TESTABILITY = YES;
				GCC_C_LANGUAGE_STANDARD = gnu99;
				GCC_DYNAMIC_NO_PIC = NO;
				GCC_NO_COMMON_BLOCKS = YES;
				GCC_OPTIMIZATION_LEVEL = 0;
				GCC_PREPROCESSOR_DEFINITIONS = (
					"DEBUG=1",
					"$(inherited)",
				);
				GCC_WARN_64_TO_32_BIT_CONVERSION = YES;
				GCC_WARN_ABOUT_RETURN_TYPE = YES_ERROR;
				GCC_WARN_UNDECLARED_SELECTOR = YES;
				GCC_WARN_UNINITIALIZED_AUTOS = YES_AGGRESSIVE;
				GCC_WARN_UNUSED_FUNCTION = YES;
				GCC_WARN_UNUSED_VARIABLE = YES;
				IPHONEOS_DEPLOYMENT_TARGET = 10.0;
				MTL_ENABLE_DEBUG_INFO = YES;
				ONLY_ACTIVE_ARCH = YES;
				SDKROOT = iphoneos;
				TARGETED_DEVICE_FAMILY = "1,2";
			};
			name = Debug;
		};
		D4C9D9721E014618004C5C1C /* Release */ = {
			isa = XCBuildConfiguration;
			buildSettings = {
				ALWAYS_SEARCH_USER_PATHS = NO;
				CLANG_ANALYZER_NONNULL = YES;
				CLANG_CXX_LANGUAGE_STANDARD = "gnu++0x";
				CLANG_CXX_LIBRARY = "libc++";
				CLANG_ENABLE_MODULES = YES;
				CLANG_ENABLE_OBJC_ARC = YES;
				CLANG_WARN_BOOL_CONVERSION = YES;
				CLANG_WARN_CONSTANT_CONVERSION = YES;
				CLANG_WARN_DIRECT_OBJC_ISA_USAGE = YES_ERROR;
				CLANG_WARN_DOCUMENTATION_COMMENTS = YES;
				CLANG_WARN_EMPTY_BODY = YES;
				CLANG_WARN_ENUM_CONVERSION = YES;
				CLANG_WARN_INFINITE_RECURSION = YES;
				CLANG_WARN_INT_CONVERSION = YES;
				CLANG_WARN_OBJC_ROOT_CLASS = YES_ERROR;
				CLANG_WARN_SUSPICIOUS_MOVES = YES;
				CLANG_WARN_UNREACHABLE_CODE = YES;
				CLANG_WARN__DUPLICATE_METHOD_MATCH = YES;
				"CODE_SIGN_IDENTITY[sdk=iphoneos*]" = "iPhone Developer";
				COPY_PHASE_STRIP = NO;
				DEBUG_INFORMATION_FORMAT = "dwarf-with-dsym";
				ENABLE_NS_ASSERTIONS = NO;
				ENABLE_STRICT_OBJC_MSGSEND = YES;
				GCC_C_LANGUAGE_STANDARD = gnu99;
				GCC_NO_COMMON_BLOCKS = YES;
				GCC_WARN_64_TO_32_BIT_CONVERSION = YES;
				GCC_WARN_ABOUT_RETURN_TYPE = YES_ERROR;
				GCC_WARN_UNDECLARED_SELECTOR = YES;
				GCC_WARN_UNINITIALIZED_AUTOS = YES_AGGRESSIVE;
				GCC_WARN_UNUSED_FUNCTION = YES;
				GCC_WARN_UNUSED_VARIABLE = YES;
				IPHONEOS_DEPLOYMENT_TARGET = 10.0;
				MTL_ENABLE_DEBUG_INFO = NO;
				SDKROOT = iphoneos;
				TARGETED_DEVICE_FAMILY = "1,2";
				VALIDATE_PRODUCT = YES;
			};
			name = Release;
		};
		D4C9D9741E014618004C5C1C /* Debug */ = {
			isa = XCBuildConfiguration;
			baseConfigurationReference = EA5531671702D15C1564F254 /* Pods-protoTypeCheck.debug.xcconfig */;
			buildSettings = {
				ASSETCATALOG_COMPILER_APPICON_NAME = AppIcon;
				DEVELOPMENT_TEAM = 4H3W5P5UJX;
				INFOPLIST_FILE = protoTypeCheck/Info.plist;
				IPHONEOS_DEPLOYMENT_TARGET = 8.0;
				LD_RUNPATH_SEARCH_PATHS = "$(inherited) @executable_path/Frameworks";
				PRODUCT_BUNDLE_IDENTIFIER = xiaoniu.protoTypeCheck;
				PRODUCT_NAME = "$(TARGET_NAME)";
			};
			name = Debug;
		};
		D4C9D9751E014618004C5C1C /* Release */ = {
			isa = XCBuildConfiguration;
			baseConfigurationReference = 63B91602205381B21E3794D7 /* Pods-protoTypeCheck.release.xcconfig */;
			buildSettings = {
				ASSETCATALOG_COMPILER_APPICON_NAME = AppIcon;
				DEVELOPMENT_TEAM = 4H3W5P5UJX;
				INFOPLIST_FILE = protoTypeCheck/Info.plist;
				IPHONEOS_DEPLOYMENT_TARGET = 8.0;
				LD_RUNPATH_SEARCH_PATHS = "$(inherited) @executable_path/Frameworks";
				PRODUCT_BUNDLE_IDENTIFIER = xiaoniu.protoTypeCheck;
				PRODUCT_NAME = "$(TARGET_NAME)";
			};
			name = Release;
		};
		D4C9D9771E014618004C5C1C /* Debug */ = {
			isa = XCBuildConfiguration;
			buildSettings = {
				BUNDLE_LOADER = "$(TEST_HOST)";
				DEVELOPMENT_TEAM = 4H3W5P5UJX;
				INFOPLIST_FILE = protoTypeCheckTests/Info.plist;
				LD_RUNPATH_SEARCH_PATHS = "$(inherited) @executable_path/Frameworks @loader_path/Frameworks";
				PRODUCT_BUNDLE_IDENTIFIER = xiaoniu.protoTypeCheckTests;
				PRODUCT_NAME = "$(TARGET_NAME)";
				TEST_HOST = "$(BUILT_PRODUCTS_DIR)/protoTypeCheck.app/protoTypeCheck";
			};
			name = Debug;
		};
		D4C9D9781E014618004C5C1C /* Release */ = {
			isa = XCBuildConfiguration;
			buildSettings = {
				BUNDLE_LOADER = "$(TEST_HOST)";
				DEVELOPMENT_TEAM = 4H3W5P5UJX;
				INFOPLIST_FILE = protoTypeCheckTests/Info.plist;
				LD_RUNPATH_SEARCH_PATHS = "$(inherited) @executable_path/Frameworks @loader_path/Frameworks";
				PRODUCT_BUNDLE_IDENTIFIER = xiaoniu.protoTypeCheckTests;
				PRODUCT_NAME = "$(TARGET_NAME)";
				TEST_HOST = "$(BUILT_PRODUCTS_DIR)/protoTypeCheck.app/protoTypeCheck";
			};
			name = Release;
		};
		D4C9D97A1E014618004C5C1C /* Debug */ = {
			isa = XCBuildConfiguration;
			buildSettings = {
				DEVELOPMENT_TEAM = 4H3W5P5UJX;
				INFOPLIST_FILE = protoTypeCheckUITests/Info.plist;
				LD_RUNPATH_SEARCH_PATHS = "$(inherited) @executable_path/Frameworks @loader_path/Frameworks";
				PRODUCT_BUNDLE_IDENTIFIER = xiaoniu.protoTypeCheckUITests;
				PRODUCT_NAME = "$(TARGET_NAME)";
				TEST_TARGET_NAME = protoTypeCheck;
			};
			name = Debug;
		};
		D4C9D97B1E014618004C5C1C /* Release */ = {
			isa = XCBuildConfiguration;
			buildSettings = {
				DEVELOPMENT_TEAM = 4H3W5P5UJX;
				INFOPLIST_FILE = protoTypeCheckUITests/Info.plist;
				LD_RUNPATH_SEARCH_PATHS = "$(inherited) @executable_path/Frameworks @loader_path/Frameworks";
				PRODUCT_BUNDLE_IDENTIFIER = xiaoniu.protoTypeCheckUITests;
				PRODUCT_NAME = "$(TARGET_NAME)";
				TEST_TARGET_NAME = protoTypeCheck;
			};
			name = Release;
		};
/* End XCBuildConfiguration section */

/* Begin XCConfigurationList section */
		D4C9D9411E014618004C5C1C /* Build configuration list for PBXProject "protoTypeCheck" */ = {
			isa = XCConfigurationList;
			buildConfigurations = (
				D4C9D9711E014618004C5C1C /* Debug */,
				D4C9D9721E014618004C5C1C /* Release */,
			);
			defaultConfigurationIsVisible = 0;
			defaultConfigurationName = Release;
		};
		D4C9D9731E014618004C5C1C /* Build configuration list for PBXNativeTarget "protoTypeCheck" */ = {
			isa = XCConfigurationList;
			buildConfigurations = (
				D4C9D9741E014618004C5C1C /* Debug */,
				D4C9D9751E014618004C5C1C /* Release */,
			);
			defaultConfigurationIsVisible = 0;
			defaultConfigurationName = Release;
		};
		D4C9D9761E014618004C5C1C /* Build configuration list for PBXNativeTarget "protoTypeCheckTests" */ = {
			isa = XCConfigurationList;
			buildConfigurations = (
				D4C9D9771E014618004C5C1C /* Debug */,
				D4C9D9781E014618004C5C1C /* Release */,
			);
			defaultConfigurationIsVisible = 0;
			defaultConfigurationName = Release;
		};
		D4C9D9791E014618004C5C1C /* Build configuration list for PBXNativeTarget "protoTypeCheckUITests" */ = {
			isa = XCConfigurationList;
			buildConfigurations = (
				D4C9D97A1E014618004C5C1C /* Debug */,
				D4C9D97B1E014618004C5C1C /* Release */,
			);
			defaultConfigurationIsVisible = 0;
			defaultConfigurationName = Release;
		};
/* End XCConfigurationList section */
	};
	rootObject = D4C9D93E1E014618004C5C1C /* Project object */;
}
