// !$*UTF8*$!
{
	archiveVersion = 1;
	classes = {
	};
	objectVersion = 46;
	objects = {

/* Begin PBXBuildFile section */
		4C76490B1D538C0800850CF8 /* LXGBusinessViewController.m in Sources */ = {isa = PBXBuildFile; fileRef = 4C76490A1D538C0800850CF8 /* LXGBusinessViewController.m */; };
		4CC4DA561D5385A3004C8203 /* LXGHomeViewController.m in Sources */ = {isa = PBXBuildFile; fileRef = 4CC4DA551D5385A3004C8203 /* LXGHomeViewController.m */; };
		4CC4DA5C1D53883D004C8203 /* LXGTabBarController.m in Sources */ = {isa = PBXBuildFile; fileRef = 4CC4DA5B1D53883D004C8203 /* LXGTabBarController.m */; };
		4CC4DA5F1D5388D0004C8203 /* LXGNavigationController.m in Sources */ = {isa = PBXBuildFile; fileRef = 4CC4DA5E1D5388D0004C8203 /* LXGNavigationController.m */; };
		B9C6670E844314D64648AF92 /* Pods.framework in Frameworks */ = {isa = PBXBuildFile; fileRef = 30A970B816CC89BDBBFCE162 /* Pods.framework */; };
		D412C8681DCA27A10007C5F7 /* stepOneEntity.m in Sources */ = {isa = PBXBuildFile; fileRef = D412C8671DCA27A10007C5F7 /* stepOneEntity.m */; };
		D412C86B1DCA2BAE0007C5F7 /* ProtocolTestViewController.m in Sources */ = {isa = PBXBuildFile; fileRef = D412C86A1DCA2BAE0007C5F7 /* ProtocolTestViewController.m */; };
		D47FDD221DD9B8340036B26C /* RACdebugVCViewController.m in Sources */ = {isa = PBXBuildFile; fileRef = D47FDD211DD9B8340036B26C /* RACdebugVCViewController.m */; };
		D498E8BA1D53847B008A04C4 /* main.m in Sources */ = {isa = PBXBuildFile; fileRef = D498E8B91D53847B008A04C4 /* main.m */; };
		D498E8BD1D53847B008A04C4 /* AppDelegate.m in Sources */ = {isa = PBXBuildFile; fileRef = D498E8BC1D53847B008A04C4 /* AppDelegate.m */; };
		D498E8C51D53847B008A04C4 /* Assets.xcassets in Resources */ = {isa = PBXBuildFile; fileRef = D498E8C41D53847B008A04C4 /* Assets.xcassets */; };
		D498E8C81D53847B008A04C4 /* LaunchScreen.storyboard in Resources */ = {isa = PBXBuildFile; fileRef = D498E8C61D53847B008A04C4 /* LaunchScreen.storyboard */; };
		D498E8D31D53847B008A04C4 /* MVVM_DemoTests.m in Sources */ = {isa = PBXBuildFile; fileRef = D498E8D21D53847B008A04C4 /* MVVM_DemoTests.m */; };
		D498E8DE1D53847B008A04C4 /* MVVM_DemoUITests.m in Sources */ = {isa = PBXBuildFile; fileRef = D498E8DD1D53847B008A04C4 /* MVVM_DemoUITests.m */; };
		D4A732871DCA3420008708B8 /* stepOneView.m in Sources */ = {isa = PBXBuildFile; fileRef = D4A732861DCA3420008708B8 /* stepOneView.m */; };
		D4F081631DD1E03400E7395E /* nextViewController.m in Sources */ = {isa = PBXBuildFile; fileRef = D4F081621DD1E03400E7395E /* nextViewController.m */; };
/* End PBXBuildFile section */

/* Begin PBXContainerItemProxy section */
		D498E8CF1D53847B008A04C4 /* PBXContainerItemProxy */ = {
			isa = PBXContainerItemProxy;
			containerPortal = D498E8AD1D53847B008A04C4 /* Project object */;
			proxyType = 1;
			remoteGlobalIDString = D498E8B41D53847B008A04C4;
			remoteInfo = MVVM_Demo;
		};
		D498E8DA1D53847B008A04C4 /* PBXContainerItemProxy */ = {
			isa = PBXContainerItemProxy;
			containerPortal = D498E8AD1D53847B008A04C4 /* Project object */;
			proxyType = 1;
			remoteGlobalIDString = D498E8B41D53847B008A04C4;
			remoteInfo = MVVM_Demo;
		};
/* End PBXContainerItemProxy section */

/* Begin PBXFileReference section */
		30A970B816CC89BDBBFCE162 /* Pods.framework */ = {isa = PBXFileReference; explicitFileType = wrapper.framework; includeInIndex = 0; path = Pods.framework; sourceTree = BUILT_PRODUCTS_DIR; };
		4C7649091D538C0800850CF8 /* LXGBusinessViewController.h */ = {isa = PBXFileReference; fileEncoding = 4; lastKnownFileType = sourcecode.c.h; path = LXGBusinessViewController.h; sourceTree = "<group>"; };
		4C76490A1D538C0800850CF8 /* LXGBusinessViewController.m */ = {isa = PBXFileReference; fileEncoding = 4; lastKnownFileType = sourcecode.c.objc; path = LXGBusinessViewController.m; sourceTree = "<group>"; };
		4CC4DA541D5385A3004C8203 /* LXGHomeViewController.h */ = {isa = PBXFileReference; fileEncoding = 4; lastKnownFileType = sourcecode.c.h; path = LXGHomeViewController.h; sourceTree = "<group>"; };
		4CC4DA551D5385A3004C8203 /* LXGHomeViewController.m */ = {isa = PBXFileReference; fileEncoding = 4; lastKnownFileType = sourcecode.c.objc; path = LXGHomeViewController.m; sourceTree = "<group>"; };
		4CC4DA5A1D53883D004C8203 /* LXGTabBarController.h */ = {isa = PBXFileReference; fileEncoding = 4; lastKnownFileType = sourcecode.c.h; path = LXGTabBarController.h; sourceTree = "<group>"; };
		4CC4DA5B1D53883D004C8203 /* LXGTabBarController.m */ = {isa = PBXFileReference; fileEncoding = 4; lastKnownFileType = sourcecode.c.objc; path = LXGTabBarController.m; sourceTree = "<group>"; };
		4CC4DA5D1D5388D0004C8203 /* LXGNavigationController.h */ = {isa = PBXFileReference; fileEncoding = 4; lastKnownFileType = sourcecode.c.h; path = LXGNavigationController.h; sourceTree = "<group>"; };
		4CC4DA5E1D5388D0004C8203 /* LXGNavigationController.m */ = {isa = PBXFileReference; fileEncoding = 4; lastKnownFileType = sourcecode.c.objc; path = LXGNavigationController.m; sourceTree = "<group>"; };
		4CE63A911D54D654003DDBCA /* PrefixHeader.pch */ = {isa = PBXFileReference; lastKnownFileType = sourcecode.c.h; path = PrefixHeader.pch; sourceTree = "<group>"; };
		4D8FF704B9D040837D06872A /* Pods.debug.xcconfig */ = {isa = PBXFileReference; includeInIndex = 1; lastKnownFileType = text.xcconfig; name = Pods.debug.xcconfig; path = "Pods/Target Support Files/Pods/Pods.debug.xcconfig"; sourceTree = "<group>"; };
		5E0368589514B419CCF8C90F /* Pods.release.xcconfig */ = {isa = PBXFileReference; includeInIndex = 1; lastKnownFileType = text.xcconfig; name = Pods.release.xcconfig; path = "Pods/Target Support Files/Pods/Pods.release.xcconfig"; sourceTree = "<group>"; };
		D412C8651DCA1DAC0007C5F7 /* tradeProtocol.h */ = {isa = PBXFileReference; fileEncoding = 4; lastKnownFileType = sourcecode.c.h; path = tradeProtocol.h; sourceTree = "<group>"; };
		D412C8661DCA27A10007C5F7 /* stepOneEntity.h */ = {isa = PBXFileReference; fileEncoding = 4; lastKnownFileType = sourcecode.c.h; path = stepOneEntity.h; sourceTree = "<group>"; };
		D412C8671DCA27A10007C5F7 /* stepOneEntity.m */ = {isa = PBXFileReference; fileEncoding = 4; lastKnownFileType = sourcecode.c.objc; path = stepOneEntity.m; sourceTree = "<group>"; };
		D412C8691DCA2BAE0007C5F7 /* ProtocolTestViewController.h */ = {isa = PBXFileReference; fileEncoding = 4; lastKnownFileType = sourcecode.c.h; path = ProtocolTestViewController.h; sourceTree = "<group>"; };
		D412C86A1DCA2BAE0007C5F7 /* ProtocolTestViewController.m */ = {isa = PBXFileReference; fileEncoding = 4; lastKnownFileType = sourcecode.c.objc; path = ProtocolTestViewController.m; sourceTree = "<group>"; };
		D47FDD201DD9B8340036B26C /* RACdebugVCViewController.h */ = {isa = PBXFileReference; fileEncoding = 4; lastKnownFileType = sourcecode.c.h; path = RACdebugVCViewController.h; sourceTree = "<group>"; };
		D47FDD211DD9B8340036B26C /* RACdebugVCViewController.m */ = {isa = PBXFileReference; fileEncoding = 4; lastKnownFileType = sourcecode.c.objc; path = RACdebugVCViewController.m; sourceTree = "<group>"; };
		D498E8B51D53847B008A04C4 /* MVVM_Demo.app */ = {isa = PBXFileReference; explicitFileType = wrapper.application; includeInIndex = 0; path = MVVM_Demo.app; sourceTree = BUILT_PRODUCTS_DIR; };
		D498E8B91D53847B008A04C4 /* main.m */ = {isa = PBXFileReference; lastKnownFileType = sourcecode.c.objc; path = main.m; sourceTree = "<group>"; };
		D498E8BB1D53847B008A04C4 /* AppDelegate.h */ = {isa = PBXFileReference; lastKnownFileType = sourcecode.c.h; path = AppDelegate.h; sourceTree = "<group>"; };
		D498E8BC1D53847B008A04C4 /* AppDelegate.m */ = {isa = PBXFileReference; lastKnownFileType = sourcecode.c.objc; path = AppDelegate.m; sourceTree = "<group>"; };
		D498E8C41D53847B008A04C4 /* Assets.xcassets */ = {isa = PBXFileReference; lastKnownFileType = folder.assetcatalog; path = Assets.xcassets; sourceTree = "<group>"; };
		D498E8C71D53847B008A04C4 /* Base */ = {isa = PBXFileReference; lastKnownFileType = file.storyboard; name = Base; path = Base.lproj/LaunchScreen.storyboard; sourceTree = "<group>"; };
		D498E8C91D53847B008A04C4 /* Info.plist */ = {isa = PBXFileReference; lastKnownFileType = text.plist.xml; path = Info.plist; sourceTree = "<group>"; };
		D498E8CE1D53847B008A04C4 /* MVVM_DemoTests.xctest */ = {isa = PBXFileReference; explicitFileType = wrapper.cfbundle; includeInIndex = 0; path = MVVM_DemoTests.xctest; sourceTree = BUILT_PRODUCTS_DIR; };
		D498E8D21D53847B008A04C4 /* MVVM_DemoTests.m */ = {isa = PBXFileReference; lastKnownFileType = sourcecode.c.objc; path = MVVM_DemoTests.m; sourceTree = "<group>"; };
		D498E8D41D53847B008A04C4 /* Info.plist */ = {isa = PBXFileReference; lastKnownFileType = text.plist.xml; path = Info.plist; sourceTree = "<group>"; };
		D498E8D91D53847B008A04C4 /* MVVM_DemoUITests.xctest */ = {isa = PBXFileReference; explicitFileType = wrapper.cfbundle; includeInIndex = 0; path = MVVM_DemoUITests.xctest; sourceTree = BUILT_PRODUCTS_DIR; };
		D498E8DD1D53847B008A04C4 /* MVVM_DemoUITests.m */ = {isa = PBXFileReference; lastKnownFileType = sourcecode.c.objc; path = MVVM_DemoUITests.m; sourceTree = "<group>"; };
		D498E8DF1D53847B008A04C4 /* Info.plist */ = {isa = PBXFileReference; lastKnownFileType = text.plist.xml; path = Info.plist; sourceTree = "<group>"; };
		D4A732851DCA3420008708B8 /* stepOneView.h */ = {isa = PBXFileReference; fileEncoding = 4; lastKnownFileType = sourcecode.c.h; path = stepOneView.h; sourceTree = "<group>"; };
		D4A732861DCA3420008708B8 /* stepOneView.m */ = {isa = PBXFileReference; fileEncoding = 4; lastKnownFileType = sourcecode.c.objc; path = stepOneView.m; sourceTree = "<group>"; };
		D4F081611DD1E03400E7395E /* nextViewController.h */ = {isa = PBXFileReference; fileEncoding = 4; lastKnownFileType = sourcecode.c.h; path = nextViewController.h; sourceTree = "<group>"; };
		D4F081621DD1E03400E7395E /* nextViewController.m */ = {isa = PBXFileReference; fileEncoding = 4; lastKnownFileType = sourcecode.c.objc; path = nextViewController.m; sourceTree = "<group>"; };
/* End PBXFileReference section */

/* Begin PBXFrameworksBuildPhase section */
		D498E8B21D53847B008A04C4 /* Frameworks */ = {
			isa = PBXFrameworksBuildPhase;
			buildActionMask = 2147483647;
			files = (
				B9C6670E844314D64648AF92 /* Pods.framework in Frameworks */,
			);
			runOnlyForDeploymentPostprocessing = 0;
		};
		D498E8CB1D53847B008A04C4 /* Frameworks */ = {
			isa = PBXFrameworksBuildPhase;
			buildActionMask = 2147483647;
			files = (
			);
			runOnlyForDeploymentPostprocessing = 0;
		};
		D498E8D61D53847B008A04C4 /* Frameworks */ = {
			isa = PBXFrameworksBuildPhase;
			buildActionMask = 2147483647;
			files = (
			);
			runOnlyForDeploymentPostprocessing = 0;
		};
/* End PBXFrameworksBuildPhase section */

/* Begin PBXGroup section */
		1A3AAFF52BB15C93A8A96AC0 /* Pods */ = {
			isa = PBXGroup;
			children = (
				4D8FF704B9D040837D06872A /* Pods.debug.xcconfig */,
				5E0368589514B419CCF8C90F /* Pods.release.xcconfig */,
			);
			name = Pods;
			sourceTree = "<group>";
		};
		5DA928F0E1C937E7B4A1D205 /* Frameworks */ = {
			isa = PBXGroup;
			children = (
				30A970B816CC89BDBBFCE162 /* Pods.framework */,
			);
			name = Frameworks;
			sourceTree = "<group>";
		};
		D498E8AC1D53847B008A04C4 = {
			isa = PBXGroup;
			children = (
				D498E8B71D53847B008A04C4 /* MVVM_Demo */,
				D498E8D11D53847B008A04C4 /* MVVM_DemoTests */,
				D498E8DC1D53847B008A04C4 /* MVVM_DemoUITests */,
				D498E8B61D53847B008A04C4 /* Products */,
				1A3AAFF52BB15C93A8A96AC0 /* Pods */,
				5DA928F0E1C937E7B4A1D205 /* Frameworks */,
			);
			sourceTree = "<group>";
		};
		D498E8B61D53847B008A04C4 /* Products */ = {
			isa = PBXGroup;
			children = (
				D498E8B51D53847B008A04C4 /* MVVM_Demo.app */,
				D498E8CE1D53847B008A04C4 /* MVVM_DemoTests.xctest */,
				D498E8D91D53847B008A04C4 /* MVVM_DemoUITests.xctest */,
			);
			name = Products;
			sourceTree = "<group>";
		};
		D498E8B71D53847B008A04C4 /* MVVM_Demo */ = {
			isa = PBXGroup;
			children = (
				D498E8BB1D53847B008A04C4 /* AppDelegate.h */,
				D498E8BC1D53847B008A04C4 /* AppDelegate.m */,
				4CC4DA5A1D53883D004C8203 /* LXGTabBarController.h */,
				4CC4DA5B1D53883D004C8203 /* LXGTabBarController.m */,
				4CC4DA5D1D5388D0004C8203 /* LXGNavigationController.h */,
				4CC4DA5E1D5388D0004C8203 /* LXGNavigationController.m */,
				D47FDD201DD9B8340036B26C /* RACdebugVCViewController.h */,
				D47FDD211DD9B8340036B26C /* RACdebugVCViewController.m */,
				4CC4DA541D5385A3004C8203 /* LXGHomeViewController.h */,
				4CC4DA551D5385A3004C8203 /* LXGHomeViewController.m */,
				4C7649091D538C0800850CF8 /* LXGBusinessViewController.h */,
				4C76490A1D538C0800850CF8 /* LXGBusinessViewController.m */,
				D412C8691DCA2BAE0007C5F7 /* ProtocolTestViewController.h */,
				D412C86A1DCA2BAE0007C5F7 /* ProtocolTestViewController.m */,
				D4F081611DD1E03400E7395E /* nextViewController.h */,
				D4F081621DD1E03400E7395E /* nextViewController.m */,
				D4A732851DCA3420008708B8 /* stepOneView.h */,
				D4A732861DCA3420008708B8 /* stepOneView.m */,
				D412C8651DCA1DAC0007C5F7 /* tradeProtocol.h */,
				D412C8661DCA27A10007C5F7 /* stepOneEntity.h */,
				D412C8671DCA27A10007C5F7 /* stepOneEntity.m */,
				D498E8C41D53847B008A04C4 /* Assets.xcassets */,
				D498E8C61D53847B008A04C4 /* LaunchScreen.storyboard */,
				D498E8C91D53847B008A04C4 /* Info.plist */,
				D498E8B81D53847B008A04C4 /* Supporting Files */,
			);
			path = MVVM_Demo;
			sourceTree = "<group>";
		};
		D498E8B81D53847B008A04C4 /* Supporting Files */ = {
			isa = PBXGroup;
			children = (
				D498E8B91D53847B008A04C4 /* main.m */,
				4CE63A911D54D654003DDBCA /* PrefixHeader.pch */,
			);
			name = "Supporting Files";
			sourceTree = "<group>";
		};
		D498E8D11D53847B008A04C4 /* MVVM_DemoTests */ = {
			isa = PBXGroup;
			children = (
				D498E8D21D53847B008A04C4 /* MVVM_DemoTests.m */,
				D498E8D41D53847B008A04C4 /* Info.plist */,
			);
			path = MVVM_DemoTests;
			sourceTree = "<group>";
		};
		D498E8DC1D53847B008A04C4 /* MVVM_DemoUITests */ = {
			isa = PBXGroup;
			children = (
				D498E8DD1D53847B008A04C4 /* MVVM_DemoUITests.m */,
				D498E8DF1D53847B008A04C4 /* Info.plist */,
			);
			path = MVVM_DemoUITests;
			sourceTree = "<group>";
		};
/* End PBXGroup section */

/* Begin PBXNativeTarget section */
		D498E8B41D53847B008A04C4 /* MVVM_Demo */ = {
			isa = PBXNativeTarget;
			buildConfigurationList = D498E8E21D53847B008A04C4 /* Build configuration list for PBXNativeTarget "MVVM_Demo" */;
			buildPhases = (
				96F09FC2D7DA9902D198A51E /* Check Pods Manifest.lock */,
				D498E8B11D53847B008A04C4 /* Sources */,
				D498E8B21D53847B008A04C4 /* Frameworks */,
				D498E8B31D53847B008A04C4 /* Resources */,
				F7D3265871A29F9AA09D9B7E /* Embed Pods Frameworks */,
				8B4E18B9B698445582E58388 /* Copy Pods Resources */,
			);
			buildRules = (
			);
			dependencies = (
			);
			name = MVVM_Demo;
			productName = MVVM_Demo;
			productReference = D498E8B51D53847B008A04C4 /* MVVM_Demo.app */;
			productType = "com.apple.product-type.application";
		};
		D498E8CD1D53847B008A04C4 /* MVVM_DemoTests */ = {
			isa = PBXNativeTarget;
			buildConfigurationList = D498E8E51D53847B008A04C4 /* Build configuration list for PBXNativeTarget "MVVM_DemoTests" */;
			buildPhases = (
				D498E8CA1D53847B008A04C4 /* Sources */,
				D498E8CB1D53847B008A04C4 /* Frameworks */,
				D498E8CC1D53847B008A04C4 /* Resources */,
			);
			buildRules = (
			);
			dependencies = (
				D498E8D01D53847B008A04C4 /* PBXTargetDependency */,
			);
			name = MVVM_DemoTests;
			productName = MVVM_DemoTests;
			productReference = D498E8CE1D53847B008A04C4 /* MVVM_DemoTests.xctest */;
			productType = "com.apple.product-type.bundle.unit-test";
		};
		D498E8D81D53847B008A04C4 /* MVVM_DemoUITests */ = {
			isa = PBXNativeTarget;
			buildConfigurationList = D498E8E81D53847B008A04C4 /* Build configuration list for PBXNativeTarget "MVVM_DemoUITests" */;
			buildPhases = (
				D498E8D51D53847B008A04C4 /* Sources */,
				D498E8D61D53847B008A04C4 /* Frameworks */,
				D498E8D71D53847B008A04C4 /* Resources */,
			);
			buildRules = (
			);
			dependencies = (
				D498E8DB1D53847B008A04C4 /* PBXTargetDependency */,
			);
			name = MVVM_DemoUITests;
			productName = MVVM_DemoUITests;
			productReference = D498E8D91D53847B008A04C4 /* MVVM_DemoUITests.xctest */;
			productType = "com.apple.product-type.bundle.ui-testing";
		};
/* End PBXNativeTarget section */

/* Begin PBXProject section */
		D498E8AD1D53847B008A04C4 /* Project object */ = {
			isa = PBXProject;
			attributes = {
				LastUpgradeCheck = 0730;
				ORGANIZATIONNAME = xiaoniu;
				TargetAttributes = {
					D498E8B41D53847B008A04C4 = {
						CreatedOnToolsVersion = 7.3.1;
						DevelopmentTeam = 4H3W5P5UJX;
						ProvisioningStyle = Automatic;
					};
					D498E8CD1D53847B008A04C4 = {
						CreatedOnToolsVersion = 7.3.1;
						TestTargetID = D498E8B41D53847B008A04C4;
					};
					D498E8D81D53847B008A04C4 = {
						CreatedOnToolsVersion = 7.3.1;
						TestTargetID = D498E8B41D53847B008A04C4;
					};
				};
			};
			buildConfigurationList = D498E8B01D53847B008A04C4 /* Build configuration list for PBXProject "MVVM_Demo" */;
			compatibilityVersion = "Xcode 3.2";
			developmentRegion = English;
			hasScannedForEncodings = 0;
			knownRegions = (
				en,
				Base,
			);
			mainGroup = D498E8AC1D53847B008A04C4;
			productRefGroup = D498E8B61D53847B008A04C4 /* Products */;
			projectDirPath = "";
			projectRoot = "";
			targets = (
				D498E8B41D53847B008A04C4 /* MVVM_Demo */,
				D498E8CD1D53847B008A04C4 /* MVVM_DemoTests */,
				D498E8D81D53847B008A04C4 /* MVVM_DemoUITests */,
			);
		};
/* End PBXProject section */

/* Begin PBXResourcesBuildPhase section */
		D498E8B31D53847B008A04C4 /* Resources */ = {
			isa = PBXResourcesBuildPhase;
			buildActionMask = 2147483647;
			files = (
				D498E8C81D53847B008A04C4 /* LaunchScreen.storyboard in Resources */,
				D498E8C51D53847B008A04C4 /* Assets.xcassets in Resources */,
			);
			runOnlyForDeploymentPostprocessing = 0;
		};
		D498E8CC1D53847B008A04C4 /* Resources */ = {
			isa = PBXResourcesBuildPhase;
			buildActionMask = 2147483647;
			files = (
			);
			runOnlyForDeploymentPostprocessing = 0;
		};
		D498E8D71D53847B008A04C4 /* Resources */ = {
			isa = PBXResourcesBuildPhase;
			buildActionMask = 2147483647;
			files = (
			);
			runOnlyForDeploymentPostprocessing = 0;
		};
/* End PBXResourcesBuildPhase section */

/* Begin PBXShellScriptBuildPhase section */
		8B4E18B9B698445582E58388 /* Copy Pods Resources */ = {
			isa = PBXShellScriptBuildPhase;
			buildActionMask = 2147483647;
			files = (
			);
			inputPaths = (
			);
			name = "Copy Pods Resources";
			outputPaths = (
			);
			runOnlyForDeploymentPostprocessing = 0;
			shellPath = /bin/sh;
			shellScript = "\"${SRCROOT}/Pods/Target Support Files/Pods/Pods-resources.sh\"\n";
			showEnvVarsInLog = 0;
		};
		96F09FC2D7DA9902D198A51E /* Check Pods Manifest.lock */ = {
			isa = PBXShellScriptBuildPhase;
			buildActionMask = 2147483647;
			files = (
			);
			inputPaths = (
			);
			name = "Check Pods Manifest.lock";
			outputPaths = (
			);
			runOnlyForDeploymentPostprocessing = 0;
			shellPath = /bin/sh;
			shellScript = "diff \"${PODS_ROOT}/../Podfile.lock\" \"${PODS_ROOT}/Manifest.lock\" > /dev/null\nif [[ $? != 0 ]] ; then\n    cat << EOM\nerror: The sandbox is not in sync with the Podfile.lock. Run 'pod install' or update your CocoaPods installation.\nEOM\n    exit 1\nfi\n";
			showEnvVarsInLog = 0;
		};
		F7D3265871A29F9AA09D9B7E /* Embed Pods Frameworks */ = {
			isa = PBXShellScriptBuildPhase;
			buildActionMask = 2147483647;
			files = (
			);
			inputPaths = (
			);
			name = "Embed Pods Frameworks";
			outputPaths = (
			);
			runOnlyForDeploymentPostprocessing = 0;
			shellPath = /bin/sh;
			shellScript = "\"${SRCROOT}/Pods/Target Support Files/Pods/Pods-frameworks.sh\"\n";
			showEnvVarsInLog = 0;
		};
/* End PBXShellScriptBuildPhase section */

/* Begin PBXSourcesBuildPhase section */
		D498E8B11D53847B008A04C4 /* Sources */ = {
			isa = PBXSourcesBuildPhase;
			buildActionMask = 2147483647;
			files = (
				D412C86B1DCA2BAE0007C5F7 /* ProtocolTestViewController.m in Sources */,
				4C76490B1D538C0800850CF8 /* LXGBusinessViewController.m in Sources */,
				4CC4DA5F1D5388D0004C8203 /* LXGNavigationController.m in Sources */,
				4CC4DA561D5385A3004C8203 /* LXGHomeViewController.m in Sources */,
				D498E8BD1D53847B008A04C4 /* AppDelegate.m in Sources */,
				D412C8681DCA27A10007C5F7 /* stepOneEntity.m in Sources */,
				D4A732871DCA3420008708B8 /* stepOneView.m in Sources */,
				D498E8BA1D53847B008A04C4 /* main.m in Sources */,
				D47FDD221DD9B8340036B26C /* RACdebugVCViewController.m in Sources */,
				4CC4DA5C1D53883D004C8203 /* LXGTabBarController.m in Sources */,
				D4F081631DD1E03400E7395E /* nextViewController.m in Sources */,
			);
			runOnlyForDeploymentPostprocessing = 0;
		};
		D498E8CA1D53847B008A04C4 /* Sources */ = {
			isa = PBXSourcesBuildPhase;
			buildActionMask = 2147483647;
			files = (
				D498E8D31D53847B008A04C4 /* MVVM_DemoTests.m in Sources */,
			);
			runOnlyForDeploymentPostprocessing = 0;
		};
		D498E8D51D53847B008A04C4 /* Sources */ = {
			isa = PBXSourcesBuildPhase;
			buildActionMask = 2147483647;
			files = (
				D498E8DE1D53847B008A04C4 /* MVVM_DemoUITests.m in Sources */,
			);
			runOnlyForDeploymentPostprocessing = 0;
		};
/* End PBXSourcesBuildPhase section */

/* Begin PBXTargetDependency section */
		D498E8D01D53847B008A04C4 /* PBXTargetDependency */ = {
			isa = PBXTargetDependency;
			target = D498E8B41D53847B008A04C4 /* MVVM_Demo */;
			targetProxy = D498E8CF1D53847B008A04C4 /* PBXContainerItemProxy */;
		};
		D498E8DB1D53847B008A04C4 /* PBXTargetDependency */ = {
			isa = PBXTargetDependency;
			target = D498E8B41D53847B008A04C4 /* MVVM_Demo */;
			targetProxy = D498E8DA1D53847B008A04C4 /* PBXContainerItemProxy */;
		};
/* End PBXTargetDependency section */

/* Begin PBXVariantGroup section */
		D498E8C61D53847B008A04C4 /* LaunchScreen.storyboard */ = {
			isa = PBXVariantGroup;
			children = (
				D498E8C71D53847B008A04C4 /* Base */,
			);
			name = LaunchScreen.storyboard;
			sourceTree = "<group>";
		};
/* End PBXVariantGroup section */

/* Begin XCBuildConfiguration section */
		D498E8E01D53847B008A04C4 /* Debug */ = {
			isa = XCBuildConfiguration;
			buildSettings = {
				ALWAYS_EMBED_SWIFT_STANDARD_LIBRARIES = NO;
				ALWAYS_SEARCH_USER_PATHS = NO;
				CLANG_ANALYZER_NONNULL = YES;
				CLANG_CXX_LANGUAGE_STANDARD = "gnu++0x";
				CLANG_CXX_LIBRARY = "libc++";
				CLANG_ENABLE_MODULES = YES;
				CLANG_ENABLE_OBJC_ARC = YES;
				CLANG_WARN_BOOL_CONVERSION = YES;
				CLANG_WARN_CONSTANT_CONVERSION = YES;
				CLANG_WARN_DIRECT_OBJC_ISA_USAGE = YES_ERROR;
				CLANG_WARN_EMPTY_BODY = YES;
				CLANG_WARN_ENUM_CONVERSION = YES;
				CLANG_WARN_INT_CONVERSION = YES;
				CLANG_WARN_OBJC_ROOT_CLASS = YES_ERROR;
				CLANG_WARN_UNREACHABLE_CODE = YES;
				CLANG_WARN__DUPLICATE_METHOD_MATCH = YES;
				"CODE_SIGN_IDENTITY[sdk=iphoneos*]" = "iPhone Developer";
				COPY_PHASE_STRIP = NO;
				DEBUG_INFORMATION_FORMAT = dwarf;
				ENABLE_STRICT_OBJC_MSGSEND = YES;
				ENABLE_TESTABILITY = YES;
				GCC_C_LANGUAGE_STANDARD = gnu99;
				GCC_DYNAMIC_NO_PIC = NO;
				GCC_NO_COMMON_BLOCKS = YES;
				GCC_OPTIMIZATION_LEVEL = 0;
				GCC_PRECOMPILE_PREFIX_HEADER = YES;
				GCC_PREFIX_HEADER = "$(SRCROOT)/MVVM_Demo/PrefixHeader.pch";
				GCC_PREPROCESSOR_DEFINITIONS = (
					"DEBUG=1",
					"$(inherited)",
				);
				GCC_WARN_64_TO_32_BIT_CONVERSION = YES;
				GCC_WARN_ABOUT_RETURN_TYPE = YES_ERROR;
				GCC_WARN_UNDECLARED_SELECTOR = YES;
				GCC_WARN_UNINITIALIZED_AUTOS = YES_AGGRESSIVE;
				GCC_WARN_UNUSED_FUNCTION = YES;
				GCC_WARN_UNUSED_VARIABLE = YES;
				IPHONEOS_DEPLOYMENT_TARGET = 9.3;
				MTL_ENABLE_DEBUG_INFO = YES;
				ONLY_ACTIVE_ARCH = YES;
				SDKROOT = iphoneos;
				TARGETED_DEVICE_FAMILY = "1,2";
			};
			name = Debug;
		};
		D498E8E11D53847B008A04C4 /* Release */ = {
			isa = XCBuildConfiguration;
			buildSettings = {
				ALWAYS_EMBED_SWIFT_STANDARD_LIBRARIES = NO;
				ALWAYS_SEARCH_USER_PATHS = NO;
				CLANG_ANALYZER_NONNULL = YES;
				CLANG_CXX_LANGUAGE_STANDARD = "gnu++0x";
				CLANG_CXX_LIBRARY = "libc++";
				CLANG_ENABLE_MODULES = YES;
				CLANG_ENABLE_OBJC_ARC = YES;
				CLANG_WARN_BOOL_CONVERSION = YES;
				CLANG_WARN_CONSTANT_CONVERSION = YES;
				CLANG_WARN_DIRECT_OBJC_ISA_USAGE = YES_ERROR;
				CLANG_WARN_EMPTY_BODY = YES;
				CLANG_WARN_ENUM_CONVERSION = YES;
				CLANG_WARN_INT_CONVERSION = YES;
				CLANG_WARN_OBJC_ROOT_CLASS = YES_ERROR;
				CLANG_WARN_UNREACHABLE_CODE = YES;
				CLANG_WARN__DUPLICATE_METHOD_MATCH = YES;
				"CODE_SIGN_IDENTITY[sdk=iphoneos*]" = "iPhone Developer";
				COPY_PHASE_STRIP = NO;
				DEBUG_INFORMATION_FORMAT = "dwarf-with-dsym";
				ENABLE_NS_ASSERTIONS = NO;
				ENABLE_STRICT_OBJC_MSGSEND = YES;
				GCC_C_LANGUAGE_STANDARD = gnu99;
				GCC_NO_COMMON_BLOCKS = YES;
				GCC_PRECOMPILE_PREFIX_HEADER = YES;
				GCC_PREFIX_HEADER = "$(SRCROOT)/MVVM_Demo/PrefixHeader.pch";
				GCC_WARN_64_TO_32_BIT_CONVERSION = YES;
				GCC_WARN_ABOUT_RETURN_TYPE = YES_ERROR;
				GCC_WARN_UNDECLARED_SELECTOR = YES;
				GCC_WARN_UNINITIALIZED_AUTOS = YES_AGGRESSIVE;
				GCC_WARN_UNUSED_FUNCTION = YES;
				GCC_WARN_UNUSED_VARIABLE = YES;
				IPHONEOS_DEPLOYMENT_TARGET = 9.3;
				MTL_ENABLE_DEBUG_INFO = NO;
				SDKROOT = iphoneos;
				TARGETED_DEVICE_FAMILY = "1,2";
				VALIDATE_PRODUCT = YES;
			};
			name = Release;
		};
		D498E8E31D53847B008A04C4 /* Debug */ = {
			isa = XCBuildConfiguration;
			baseConfigurationReference = 4D8FF704B9D040837D06872A /* Pods.debug.xcconfig */;
			buildSettings = {
				ASSETCATALOG_COMPILER_APPICON_NAME = AppIcon;
				CODE_SIGN_IDENTITY = "iPhone Developer";
				"CODE_SIGN_IDENTITY[sdk=iphoneos*]" = "iPhone Developer";
				DEVELOPMENT_TEAM = 4H3W5P5UJX;
				INFOPLIST_FILE = MVVM_Demo/Info.plist;
				LD_RUNPATH_SEARCH_PATHS = "$(inherited) @executable_path/Frameworks";
				PRODUCT_BUNDLE_IDENTIFIER = "xiaoniu.MVVM-Demo";
				PRODUCT_NAME = "$(TARGET_NAME)";
			};
			name = Debug;
		};
		D498E8E41D53847B008A04C4 /* Release */ = {
			isa = XCBuildConfiguration;
			baseConfigurationReference = 5E0368589514B419CCF8C90F /* Pods.release.xcconfig */;
			buildSettings = {
				ASSETCATALOG_COMPILER_APPICON_NAME = AppIcon;
				CODE_SIGN_IDENTITY = "iPhone Developer";
				"CODE_SIGN_IDENTITY[sdk=iphoneos*]" = "iPhone Developer";
				DEVELOPMENT_TEAM = 4H3W5P5UJX;
				INFOPLIST_FILE = MVVM_Demo/Info.plist;
				LD_RUNPATH_SEARCH_PATHS = "$(inherited) @executable_path/Frameworks";
				PRODUCT_BUNDLE_IDENTIFIER = "xiaoniu.MVVM-Demo";
				PRODUCT_NAME = "$(TARGET_NAME)";
			};
			name = Release;
		};
		D498E8E61D53847B008A04C4 /* Debug */ = {
			isa = XCBuildConfiguration;
			buildSettings = {
				BUNDLE_LOADER = "$(TEST_HOST)";
				INFOPLIST_FILE = MVVM_DemoTests/Info.plist;
				LD_RUNPATH_SEARCH_PATHS = "$(inherited) @executable_path/Frameworks @loader_path/Frameworks";
				PRODUCT_BUNDLE_IDENTIFIER = "xiaoniu.MVVM-DemoTests";
				PRODUCT_NAME = "$(TARGET_NAME)";
				TEST_HOST = "$(BUILT_PRODUCTS_DIR)/MVVM_Demo.app/MVVM_Demo";
			};
			name = Debug;
		};
		D498E8E71D53847B008A04C4 /* Release */ = {
			isa = XCBuildConfiguration;
			buildSettings = {
				BUNDLE_LOADER = "$(TEST_HOST)";
				INFOPLIST_FILE = MVVM_DemoTests/Info.plist;
				LD_RUNPATH_SEARCH_PATHS = "$(inherited) @executable_path/Frameworks @loader_path/Frameworks";
				PRODUCT_BUNDLE_IDENTIFIER = "xiaoniu.MVVM-DemoTests";
				PRODUCT_NAME = "$(TARGET_NAME)";
				TEST_HOST = "$(BUILT_PRODUCTS_DIR)/MVVM_Demo.app/MVVM_Demo";
			};
			name = Release;
		};
		D498E8E91D53847B008A04C4 /* Debug */ = {
			isa = XCBuildConfiguration;
			buildSettings = {
				INFOPLIST_FILE = MVVM_DemoUITests/Info.plist;
				LD_RUNPATH_SEARCH_PATHS = "$(inherited) @executable_path/Frameworks @loader_path/Frameworks";
				PRODUCT_BUNDLE_IDENTIFIER = "xiaoniu.MVVM-DemoUITests";
				PRODUCT_NAME = "$(TARGET_NAME)";
				TEST_TARGET_NAME = MVVM_Demo;
			};
			name = Debug;
		};
		D498E8EA1D53847B008A04C4 /* Release */ = {
			isa = XCBuildConfiguration;
			buildSettings = {
				INFOPLIST_FILE = MVVM_DemoUITests/Info.plist;
				LD_RUNPATH_SEARCH_PATHS = "$(inherited) @executable_path/Frameworks @loader_path/Frameworks";
				PRODUCT_BUNDLE_IDENTIFIER = "xiaoniu.MVVM-DemoUITests";
				PRODUCT_NAME = "$(TARGET_NAME)";
				TEST_TARGET_NAME = MVVM_Demo;
			};
			name = Release;
		};
/* End XCBuildConfiguration section */

/* Begin XCConfigurationList section */
		D498E8B01D53847B008A04C4 /* Build configuration list for PBXProject "MVVM_Demo" */ = {
			isa = XCConfigurationList;
			buildConfigurations = (
				D498E8E01D53847B008A04C4 /* Debug */,
				D498E8E11D53847B008A04C4 /* Release */,
			);
			defaultConfigurationIsVisible = 0;
			defaultConfigurationName = Release;
		};
		D498E8E21D53847B008A04C4 /* Build configuration list for PBXNativeTarget "MVVM_Demo" */ = {
			isa = XCConfigurationList;
			buildConfigurations = (
				D498E8E31D53847B008A04C4 /* Debug */,
				D498E8E41D53847B008A04C4 /* Release */,
			);
			defaultConfigurationIsVisible = 0;
			defaultConfigurationName = Release;
		};
		D498E8E51D53847B008A04C4 /* Build configuration list for PBXNativeTarget "MVVM_DemoTests" */ = {
			isa = XCConfigurationList;
			buildConfigurations = (
				D498E8E61D53847B008A04C4 /* Debug */,
				D498E8E71D53847B008A04C4 /* Release */,
			);
			defaultConfigurationIsVisible = 0;
			defaultConfigurationName = Release;
		};
		D498E8E81D53847B008A04C4 /* Build configuration list for PBXNativeTarget "MVVM_DemoUITests" */ = {
			isa = XCConfigurationList;
			buildConfigurations = (
				D498E8E91D53847B008A04C4 /* Debug */,
				D498E8EA1D53847B008A04C4 /* Release */,
			);
			defaultConfigurationIsVisible = 0;
			defaultConfigurationName = Release;
		};
/* End XCConfigurationList section */
	};
	rootObject = D498E8AD1D53847B008A04C4 /* Project object */;
}
